
Microsoft Visual Studio Solution File, Format Version 12.00
# Visual Studio Version 17
VisualStudioVersion = 17.7.34221.43
MinimumVisualStudioVersion = 10.0.40219.1
Project("{9A19103F-16F7-4668-BE54-9A1E7A4F7556}") = "QuickKit", "QuickKit\QuickKit.csproj", "{D66078C1-B3C8-439B-B2AD-C3902316C691}"
EndProject
Project("{9A19103F-16F7-4668-BE54-9A1E7A4F7556}") = "QuickKit.Shared", "QuickKit.Shared\QuickKit.Shared.csproj", "{61E2ED52-2375-42FC-A273-F24506CD3499}"
EndProject
Project("{9A19103F-16F7-4668-BE54-9A1E7A4F7556}") = "QuickKit.Cmd", "QuickKit.Console\QuickKit.Cmd.csproj", "{E0664F76-7C90-4F03-A24E-B1461CE1A8C9}"
EndProject
Project("{2150E333-8FDC-42A3-9474-1A3956D46DE8}") = "Frameworks", "Frameworks", "{9ED6F13C-CCAD-424A-86A1-8041F79A9FDF}"
EndProject
Project("{2150E333-8FDC-42A3-9474-1A3956D46DE8}") = "Shared", "Shared", "{586077C5-AE84-4B9E-A480-803A90E177FA}"
EndProject
Project("{9A19103F-16F7-4668-BE54-9A1E7A4F7556}") = "QuickKit.AspNetCore", "QuickKit.AspNetCore\QuickKit.AspNetCore.csproj", "{12C00DD7-8E5B-4972-A1F3-42695448E31E}"
EndProject
Project("{2150E333-8FDC-42A3-9474-1A3956D46DE8}") = "Tests", "Tests", "{E5C3F8FE-1E7A-4E85-BDB9-8D1ABE2A3A29}"
EndProject
Project("{FAE04EC0-301F-11D3-BF4B-00C04F79EFBC}") = "QuickKit.Tests", "QuickKit.Tests\QuickKit.Tests.csproj", "{1E81E73A-75C2-4931-9235-527159B60D42}"
EndProject
Project("{2150E333-8FDC-42A3-9474-1A3956D46DE8}") = "Samples", "Samples", "{8A2D48FB-58D0-4833-BF99-E6B9FA9075D1}"
EndProject
Project("{9A19103F-16F7-4668-BE54-9A1E7A4F7556}") = "QuickKit.Sample.API", "QuickKit.Sample.API\QuickKit.Sample.API.csproj", "{252D7AD4-E231-4925-A2E1-7BBED37BAE24}"
EndProject
Project("{9A19103F-16F7-4668-BE54-9A1E7A4F7556}") = "QuickKit.Sample.Cmd", "QuickKit.Sample.Console\QuickKit.Sample.Cmd.csproj", "{BEC74464-3CA4-48B8-B046-68EE220149BA}"
EndProject
Project("{FAE04EC0-301F-11D3-BF4B-00C04F79EFBC}") = "QuickKit.Security", "QuickKit.Security\QuickKit.Security.csproj", "{0E730C74-3ED3-4D47-84A8-9CD58E50FC4D}"
EndProject
Global
	GlobalSection(SolutionConfigurationPlatforms) = preSolution
		Debug|Any CPU = Debug|Any CPU
		Release|Any CPU = Release|Any CPU
	EndGlobalSection
	GlobalSection(ProjectConfigurationPlatforms) = postSolution
		{D66078C1-B3C8-439B-B2AD-C3902316C691}.Debug|Any CPU.ActiveCfg = Debug|Any CPU
		{D66078C1-B3C8-439B-B2AD-C3902316C691}.Debug|Any CPU.Build.0 = Debug|Any CPU
		{D66078C1-B3C8-439B-B2AD-C3902316C691}.Release|Any CPU.ActiveCfg = Release|Any CPU
		{D66078C1-B3C8-439B-B2AD-C3902316C691}.Release|Any CPU.Build.0 = Release|Any CPU
		{61E2ED52-2375-42FC-A273-F24506CD3499}.Debug|Any CPU.ActiveCfg = Debug|Any CPU
		{61E2ED52-2375-42FC-A273-F24506CD3499}.Debug|Any CPU.Build.0 = Debug|Any CPU
		{61E2ED52-2375-42FC-A273-F24506CD3499}.Release|Any CPU.ActiveCfg = Release|Any CPU
		{61E2ED52-2375-42FC-A273-F24506CD3499}.Release|Any CPU.Build.0 = Release|Any CPU
		{E0664F76-7C90-4F03-A24E-B1461CE1A8C9}.Debug|Any CPU.ActiveCfg = Debug|Any CPU
		{E0664F76-7C90-4F03-A24E-B1461CE1A8C9}.Debug|Any CPU.Build.0 = Debug|Any CPU
		{E0664F76-7C90-4F03-A24E-B1461CE1A8C9}.Release|Any CPU.ActiveCfg = Release|Any CPU
		{E0664F76-7C90-4F03-A24E-B1461CE1A8C9}.Release|Any CPU.Build.0 = Release|Any CPU
		{12C00DD7-8E5B-4972-A1F3-42695448E31E}.Debug|Any CPU.ActiveCfg = Debug|Any CPU
		{12C00DD7-8E5B-4972-A1F3-42695448E31E}.Debug|Any CPU.Build.0 = Debug|Any CPU
		{12C00DD7-8E5B-4972-A1F3-42695448E31E}.Release|Any CPU.ActiveCfg = Release|Any CPU
		{12C00DD7-8E5B-4972-A1F3-42695448E31E}.Release|Any CPU.Build.0 = Release|Any CPU
		{1E81E73A-75C2-4931-9235-527159B60D42}.Debug|Any CPU.ActiveCfg = Debug|Any CPU
		{1E81E73A-75C2-4931-9235-527159B60D42}.Debug|Any CPU.Build.0 = Debug|Any CPU
		{1E81E73A-75C2-4931-9235-527159B60D42}.Release|Any CPU.ActiveCfg = Release|Any CPU
		{1E81E73A-75C2-4931-9235-527159B60D42}.Release|Any CPU.Build.0 = Release|Any CPU
		{252D7AD4-E231-4925-A2E1-7BBED37BAE24}.Debug|Any CPU.ActiveCfg = Debug|Any CPU
		{252D7AD4-E231-4925-A2E1-7BBED37BAE24}.Debug|Any CPU.Build.0 = Debug|Any CPU
		{252D7AD4-E231-4925-A2E1-7BBED37BAE24}.Release|Any CPU.ActiveCfg = Release|Any CPU
		{252D7AD4-E231-4925-A2E1-7BBED37BAE24}.Release|Any CPU.Build.0 = Release|Any CPU
		{BEC74464-3CA4-48B8-B046-68EE220149BA}.Debug|Any CPU.ActiveCfg = Debug|Any CPU
		{BEC74464-3CA4-48B8-B046-68EE220149BA}.Debug|Any CPU.Build.0 = Debug|Any CPU
		{BEC74464-3CA4-48B8-B046-68EE220149BA}.Release|Any CPU.ActiveCfg = Release|Any CPU
		{BEC74464-3CA4-48B8-B046-68EE220149BA}.Release|Any CPU.Build.0 = Release|Any CPU
		{0E730C74-3ED3-4D47-84A8-9CD58E50FC4D}.Debug|Any CPU.ActiveCfg = Debug|Any CPU
		{0E730C74-3ED3-4D47-84A8-9CD58E50FC4D}.Debug|Any CPU.Build.0 = Debug|Any CPU
		{0E730C74-3ED3-4D47-84A8-9CD58E50FC4D}.Release|Any CPU.ActiveCfg = Release|Any CPU
		{0E730C74-3ED3-4D47-84A8-9CD58E50FC4D}.Release|Any CPU.Build.0 = Release|Any CPU
	EndGlobalSection
	GlobalSection(SolutionProperties) = preSolution
		HideSolutionNode = FALSE
	EndGlobalSection
	GlobalSection(NestedProjects) = preSolution
		{D66078C1-B3C8-439B-B2AD-C3902316C691} = {9ED6F13C-CCAD-424A-86A1-8041F79A9FDF}
		{61E2ED52-2375-42FC-A273-F24506CD3499} = {586077C5-AE84-4B9E-A480-803A90E177FA}
		{E0664F76-7C90-4F03-A24E-B1461CE1A8C9} = {9ED6F13C-CCAD-424A-86A1-8041F79A9FDF}
		{12C00DD7-8E5B-4972-A1F3-42695448E31E} = {9ED6F13C-CCAD-424A-86A1-8041F79A9FDF}
		{1E81E73A-75C2-4931-9235-527159B60D42} = {E5C3F8FE-1E7A-4E85-BDB9-8D1ABE2A3A29}
		{252D7AD4-E231-4925-A2E1-7BBED37BAE24} = {8A2D48FB-58D0-4833-BF99-E6B9FA9075D1}
		{BEC74464-3CA4-48B8-B046-68EE220149BA} = {8A2D48FB-58D0-4833-BF99-E6B9FA9075D1}
		{0E730C74-3ED3-4D47-84A8-9CD58E50FC4D} = {9ED6F13C-CCAD-424A-86A1-8041F79A9FDF}
	EndGlobalSection
	GlobalSection(ExtensibilityGlobals) = postSolution
		SolutionGuid = {3E732398-F1E1-4A23-A3B6-3BCF05F12144}
	EndGlobalSection
EndGlobal
