
Microsoft Visual Studio Solution File, Format Version 12.00
# Visual Studio Version 17
VisualStudioVersion = 17.7.34221.43
MinimumVisualStudioVersion = 10.0.40219.1
Project("{9A19103F-16F7-4668-BE54-9A1E7A4F7556}") = "QuickKit", "QuickKit\QuickKit.csproj", "{D66078C1-B3C8-439B-B2AD-C3902316C691}"
EndProject
Project("{9A19103F-16F7-4668-BE54-9A1E7A4F7556}") = "QuickKit.Shared", "QuickKit.Shared\QuickKit.Shared.csproj", "{61E2ED52-2375-42FC-A273-F24506CD3499}"
EndProject
Project("{2150E333-8FDC-42A3-9474-1A3956D46DE8}") = "Frameworks", "Frameworks", "{9ED6F13C-CCAD-424A-86A1-8041F79A9FDF}"
EndProject
Project("{2150E333-8FDC-42A3-9474-1A3956D46DE8}") = "Shared", "Shared", "{586077C5-AE84-4B9E-A480-803A90E177FA}"
EndProject
Project("{9A19103F-16F7-4668-BE54-9A1E7A4F7556}") = "QuickKit.AspNetCore", "QuickKit.AspNetCore\QuickKit.AspNetCore.csproj", "{12C00DD7-8E5B-4972-A1F3-42695448E31E}"
EndProject
Project("{9A19103F-16F7-4668-BE54-9A1E7A4F7556}") = "QuickKit.Security", "QuickKit.Security\QuickKit.Security.csproj", "{0E730C74-3ED3-4D47-84A8-9CD58E50FC4D}"
EndProject
Project("{2150E333-8FDC-42A3-9474-1A3956D46DE8}") = "Demos", "Demos", "{956A41CF-0CBA-47B5-BD97-813E1A5DA1C5}"
EndProject
Project("{9A19103F-16F7-4668-BE54-9A1E7A4F7556}") = "Classroom.Core", "Classroom.Core\Classroom.Core.csproj", "{40FB6413-6E2F-4B99-BEE3-7F51C40A8927}"
EndProject
Project("{9A19103F-16F7-4668-BE54-9A1E7A4F7556}") = "QuickKit.Cmd", "QuickKit.Cmd\QuickKit.Cmd.csproj", "{7A3634A1-18E9-4965-919C-9330D09274AE}"
EndProject
Project("{9A19103F-16F7-4668-BE54-9A1E7A4F7556}") = "QuickKit.ResultTypes", "QuickKit.ResultTypes\QuickKit.ResultTypes.csproj", "{05968E99-5B76-4E14-91A9-7ADD8491A264}"
EndProject
Project("{2150E333-8FDC-42A3-9474-1A3956D46DE8}") = "Tests", "Tests", "{31F64FCC-74CA-40A9-9F47-E43705D69CA5}"
EndProject
Project("{9A19103F-16F7-4668-BE54-9A1E7A4F7556}") = "QuickKit.UnitTests", "QuickKit.UnitTests\QuickKit.UnitTests.csproj", "{8F18EE76-1364-47B4-8F1C-7D09CCF67C24}"
EndProject
Project("{9A19103F-16F7-4668-BE54-9A1E7A4F7556}") = "QuickKit.Shared.UnitTests", "QuickKit.Shared.UnitTests\QuickKit.Shared.UnitTests.csproj", "{A0455EF2-8204-4FA3-9C91-993D76497884}"
EndProject
Project("{9A19103F-16F7-4668-BE54-9A1E7A4F7556}") = "QuickKit.Blazor", "QuickKit.Blazor\QuickKit.Blazor.csproj", "{607F53DB-DA30-4110-9D5F-2E8F7720755A}"
EndProject
Global
	GlobalSection(SolutionConfigurationPlatforms) = preSolution
		Debug|Any CPU = Debug|Any CPU
		Release|Any CPU = Release|Any CPU
	EndGlobalSection
	GlobalSection(ProjectConfigurationPlatforms) = postSolution
		{D66078C1-B3C8-439B-B2AD-C3902316C691}.Debug|Any CPU.ActiveCfg = Debug|Any CPU
		{D66078C1-B3C8-439B-B2AD-C3902316C691}.Debug|Any CPU.Build.0 = Debug|Any CPU
		{D66078C1-B3C8-439B-B2AD-C3902316C691}.Release|Any CPU.ActiveCfg = Release|Any CPU
		{D66078C1-B3C8-439B-B2AD-C3902316C691}.Release|Any CPU.Build.0 = Release|Any CPU
		{61E2ED52-2375-42FC-A273-F24506CD3499}.Debug|Any CPU.ActiveCfg = Debug|Any CPU
		{61E2ED52-2375-42FC-A273-F24506CD3499}.Debug|Any CPU.Build.0 = Debug|Any CPU
		{61E2ED52-2375-42FC-A273-F24506CD3499}.Release|Any CPU.ActiveCfg = Release|Any CPU
		{61E2ED52-2375-42FC-A273-F24506CD3499}.Release|Any CPU.Build.0 = Release|Any CPU
		{12C00DD7-8E5B-4972-A1F3-42695448E31E}.Debug|Any CPU.ActiveCfg = Debug|Any CPU
		{12C00DD7-8E5B-4972-A1F3-42695448E31E}.Debug|Any CPU.Build.0 = Debug|Any CPU
		{12C00DD7-8E5B-4972-A1F3-42695448E31E}.Release|Any CPU.ActiveCfg = Release|Any CPU
		{12C00DD7-8E5B-4972-A1F3-42695448E31E}.Release|Any CPU.Build.0 = Release|Any CPU
		{0E730C74-3ED3-4D47-84A8-9CD58E50FC4D}.Debug|Any CPU.ActiveCfg = Debug|Any CPU
		{0E730C74-3ED3-4D47-84A8-9CD58E50FC4D}.Debug|Any CPU.Build.0 = Debug|Any CPU
		{0E730C74-3ED3-4D47-84A8-9CD58E50FC4D}.Release|Any CPU.ActiveCfg = Release|Any CPU
		{0E730C74-3ED3-4D47-84A8-9CD58E50FC4D}.Release|Any CPU.Build.0 = Release|Any CPU
		{40FB6413-6E2F-4B99-BEE3-7F51C40A8927}.Debug|Any CPU.ActiveCfg = Debug|Any CPU
		{40FB6413-6E2F-4B99-BEE3-7F51C40A8927}.Debug|Any CPU.Build.0 = Debug|Any CPU
		{40FB6413-6E2F-4B99-BEE3-7F51C40A8927}.Release|Any CPU.ActiveCfg = Release|Any CPU
		{40FB6413-6E2F-4B99-BEE3-7F51C40A8927}.Release|Any CPU.Build.0 = Release|Any CPU
		{7A3634A1-18E9-4965-919C-9330D09274AE}.Debug|Any CPU.ActiveCfg = Debug|Any CPU
		{7A3634A1-18E9-4965-919C-9330D09274AE}.Debug|Any CPU.Build.0 = Debug|Any CPU
		{7A3634A1-18E9-4965-919C-9330D09274AE}.Release|Any CPU.ActiveCfg = Release|Any CPU
		{7A3634A1-18E9-4965-919C-9330D09274AE}.Release|Any CPU.Build.0 = Release|Any CPU
		{05968E99-5B76-4E14-91A9-7ADD8491A264}.Debug|Any CPU.ActiveCfg = Debug|Any CPU
		{05968E99-5B76-4E14-91A9-7ADD8491A264}.Debug|Any CPU.Build.0 = Debug|Any CPU
		{05968E99-5B76-4E14-91A9-7ADD8491A264}.Release|Any CPU.ActiveCfg = Release|Any CPU
		{05968E99-5B76-4E14-91A9-7ADD8491A264}.Release|Any CPU.Build.0 = Release|Any CPU
		{8F18EE76-1364-47B4-8F1C-7D09CCF67C24}.Debug|Any CPU.ActiveCfg = Debug|Any CPU
		{8F18EE76-1364-47B4-8F1C-7D09CCF67C24}.Debug|Any CPU.Build.0 = Debug|Any CPU
		{8F18EE76-1364-47B4-8F1C-7D09CCF67C24}.Release|Any CPU.ActiveCfg = Release|Any CPU
		{8F18EE76-1364-47B4-8F1C-7D09CCF67C24}.Release|Any CPU.Build.0 = Release|Any CPU
		{A0455EF2-8204-4FA3-9C91-993D76497884}.Debug|Any CPU.ActiveCfg = Debug|Any CPU
		{A0455EF2-8204-4FA3-9C91-993D76497884}.Debug|Any CPU.Build.0 = Debug|Any CPU
		{A0455EF2-8204-4FA3-9C91-993D76497884}.Release|Any CPU.ActiveCfg = Release|Any CPU
		{A0455EF2-8204-4FA3-9C91-993D76497884}.Release|Any CPU.Build.0 = Release|Any CPU
		{607F53DB-DA30-4110-9D5F-2E8F7720755A}.Debug|Any CPU.ActiveCfg = Debug|Any CPU
		{607F53DB-DA30-4110-9D5F-2E8F7720755A}.Debug|Any CPU.Build.0 = Debug|Any CPU
		{607F53DB-DA30-4110-9D5F-2E8F7720755A}.Release|Any CPU.ActiveCfg = Release|Any CPU
		{607F53DB-DA30-4110-9D5F-2E8F7720755A}.Release|Any CPU.Build.0 = Release|Any CPU
	EndGlobalSection
	GlobalSection(SolutionProperties) = preSolution
		HideSolutionNode = FALSE
	EndGlobalSection
	GlobalSection(NestedProjects) = preSolution
		{D66078C1-B3C8-439B-B2AD-C3902316C691} = {9ED6F13C-CCAD-424A-86A1-8041F79A9FDF}
		{61E2ED52-2375-42FC-A273-F24506CD3499} = {586077C5-AE84-4B9E-A480-803A90E177FA}
		{12C00DD7-8E5B-4972-A1F3-42695448E31E} = {9ED6F13C-CCAD-424A-86A1-8041F79A9FDF}
		{0E730C74-3ED3-4D47-84A8-9CD58E50FC4D} = {9ED6F13C-CCAD-424A-86A1-8041F79A9FDF}
		{40FB6413-6E2F-4B99-BEE3-7F51C40A8927} = {956A41CF-0CBA-47B5-BD97-813E1A5DA1C5}
		{7A3634A1-18E9-4965-919C-9330D09274AE} = {9ED6F13C-CCAD-424A-86A1-8041F79A9FDF}
		{05968E99-5B76-4E14-91A9-7ADD8491A264} = {9ED6F13C-CCAD-424A-86A1-8041F79A9FDF}
		{8F18EE76-1364-47B4-8F1C-7D09CCF67C24} = {31F64FCC-74CA-40A9-9F47-E43705D69CA5}
		{A0455EF2-8204-4FA3-9C91-993D76497884} = {31F64FCC-74CA-40A9-9F47-E43705D69CA5}
		{607F53DB-DA30-4110-9D5F-2E8F7720755A} = {9ED6F13C-CCAD-424A-86A1-8041F79A9FDF}
	EndGlobalSection
	GlobalSection(ExtensibilityGlobals) = postSolution
		SolutionGuid = {3E732398-F1E1-4A23-A3B6-3BCF05F12144}
	EndGlobalSection
EndGlobal
